
Microsoft Visual Studio Solution File, Format Version 12.00
# Visual Studio 14
VisualStudioVersion = 14.0.24720.0
MinimumVisualStudioVersion = 10.0.40219.1
Project("{FAE04EC0-301F-11D3-BF4B-00C04F79EFBC}") = "WalkAbout", "KspWalkAbout\WalkAbout.csproj", "{68FF2BB0-AD31-49C4-A847-612269617CCE}"
EndProject
Project("{FAE04EC0-301F-11D3-BF4B-00C04F79EFBC}") = "WalkAboutUnitTesting", "WalkAboutUnitTesting\WalkAboutUnitTesting.csproj", "{5E95D821-096C-43AA-B448-91C731D1B902}"
EndProject
Project("{FAE04EC0-301F-11D3-BF4B-00C04F79EFBC}") = "LLAtoGC", "LLAtoGC\LLAtoGC.csproj", "{5E0E18A9-D9CD-4AC1-B357-6E8BBAF9BAEC}"
EndProject
Global
	GlobalSection(SolutionConfigurationPlatforms) = preSolution
		Debug|Any CPU = Debug|Any CPU
		Debug|ARM = Debug|ARM
		Debug|x64 = Debug|x64
		Debug|x86 = Debug|x86
		Release|Any CPU = Release|Any CPU
		Release|ARM = Release|ARM
		Release|x64 = Release|x64
		Release|x86 = Release|x86
	EndGlobalSection
	GlobalSection(ProjectConfigurationPlatforms) = postSolution
		{68FF2BB0-AD31-49C4-A847-612269617CCE}.Debug|Any CPU.ActiveCfg = Debug|Any CPU
		{68FF2BB0-AD31-49C4-A847-612269617CCE}.Debug|Any CPU.Build.0 = Debug|Any CPU
		{68FF2BB0-AD31-49C4-A847-612269617CCE}.Debug|ARM.ActiveCfg = Debug|Any CPU
		{68FF2BB0-AD31-49C4-A847-612269617CCE}.Debug|ARM.Build.0 = Debug|Any CPU
		{68FF2BB0-AD31-49C4-A847-612269617CCE}.Debug|x64.ActiveCfg = Debug|Any CPU
		{68FF2BB0-AD31-49C4-A847-612269617CCE}.Debug|x64.Build.0 = Debug|Any CPU
		{68FF2BB0-AD31-49C4-A847-612269617CCE}.Debug|x86.ActiveCfg = Debug|Any CPU
		{68FF2BB0-AD31-49C4-A847-612269617CCE}.Debug|x86.Build.0 = Debug|Any CPU
		{68FF2BB0-AD31-49C4-A847-612269617CCE}.Release|Any CPU.ActiveCfg = Release|Any CPU
		{68FF2BB0-AD31-49C4-A847-612269617CCE}.Release|Any CPU.Build.0 = Release|Any CPU
		{68FF2BB0-AD31-49C4-A847-612269617CCE}.Release|ARM.ActiveCfg = Release|Any CPU
		{68FF2BB0-AD31-49C4-A847-612269617CCE}.Release|ARM.Build.0 = Release|Any CPU
		{68FF2BB0-AD31-49C4-A847-612269617CCE}.Release|x64.ActiveCfg = Release|Any CPU
		{68FF2BB0-AD31-49C4-A847-612269617CCE}.Release|x64.Build.0 = Release|Any CPU
		{68FF2BB0-AD31-49C4-A847-612269617CCE}.Release|x86.ActiveCfg = Release|Any CPU
		{68FF2BB0-AD31-49C4-A847-612269617CCE}.Release|x86.Build.0 = Release|Any CPU
		{5E95D821-096C-43AA-B448-91C731D1B902}.Debug|Any CPU.ActiveCfg = Debug|Any CPU
		{5E95D821-096C-43AA-B448-91C731D1B902}.Debug|Any CPU.Build.0 = Debug|Any CPU
		{5E95D821-096C-43AA-B448-91C731D1B902}.Debug|ARM.ActiveCfg = Debug|Any CPU
		{5E95D821-096C-43AA-B448-91C731D1B902}.Debug|ARM.Build.0 = Debug|Any CPU
		{5E95D821-096C-43AA-B448-91C731D1B902}.Debug|x64.ActiveCfg = Debug|Any CPU
		{5E95D821-096C-43AA-B448-91C731D1B902}.Debug|x64.Build.0 = Debug|Any CPU
		{5E95D821-096C-43AA-B448-91C731D1B902}.Debug|x86.ActiveCfg = Debug|Any CPU
		{5E95D821-096C-43AA-B448-91C731D1B902}.Debug|x86.Build.0 = Debug|Any CPU
		{5E95D821-096C-43AA-B448-91C731D1B902}.Release|Any CPU.ActiveCfg = Release|Any CPU
		{5E95D821-096C-43AA-B448-91C731D1B902}.Release|Any CPU.Build.0 = Release|Any CPU
		{5E95D821-096C-43AA-B448-91C731D1B902}.Release|ARM.ActiveCfg = Release|Any CPU
		{5E95D821-096C-43AA-B448-91C731D1B902}.Release|ARM.Build.0 = Release|Any CPU
		{5E95D821-096C-43AA-B448-91C731D1B902}.Release|x64.ActiveCfg = Release|Any CPU
		{5E95D821-096C-43AA-B448-91C731D1B902}.Release|x64.Build.0 = Release|Any CPU
		{5E95D821-096C-43AA-B448-91C731D1B902}.Release|x86.ActiveCfg = Release|Any CPU
		{5E95D821-096C-43AA-B448-91C731D1B902}.Release|x86.Build.0 = Release|Any CPU
		{5E0E18A9-D9CD-4AC1-B357-6E8BBAF9BAEC}.Debug|Any CPU.ActiveCfg = Debug|Any CPU
		{5E0E18A9-D9CD-4AC1-B357-6E8BBAF9BAEC}.Debug|Any CPU.Build.0 = Debug|Any CPU
		{5E0E18A9-D9CD-4AC1-B357-6E8BBAF9BAEC}.Debug|ARM.ActiveCfg = Debug|Any CPU
		{5E0E18A9-D9CD-4AC1-B357-6E8BBAF9BAEC}.Debug|ARM.Build.0 = Debug|Any CPU
		{5E0E18A9-D9CD-4AC1-B357-6E8BBAF9BAEC}.Debug|x64.ActiveCfg = Debug|Any CPU
		{5E0E18A9-D9CD-4AC1-B357-6E8BBAF9BAEC}.Debug|x64.Build.0 = Debug|Any CPU
		{5E0E18A9-D9CD-4AC1-B357-6E8BBAF9BAEC}.Debug|x86.ActiveCfg = Debug|Any CPU
		{5E0E18A9-D9CD-4AC1-B357-6E8BBAF9BAEC}.Debug|x86.Build.0 = Debug|Any CPU
		{5E0E18A9-D9CD-4AC1-B357-6E8BBAF9BAEC}.Release|Any CPU.ActiveCfg = Release|Any CPU
		{5E0E18A9-D9CD-4AC1-B357-6E8BBAF9BAEC}.Release|Any CPU.Build.0 = Release|Any CPU
		{5E0E18A9-D9CD-4AC1-B357-6E8BBAF9BAEC}.Release|ARM.ActiveCfg = Release|Any CPU
		{5E0E18A9-D9CD-4AC1-B357-6E8BBAF9BAEC}.Release|ARM.Build.0 = Release|Any CPU
		{5E0E18A9-D9CD-4AC1-B357-6E8BBAF9BAEC}.Release|x64.ActiveCfg = Release|Any CPU
		{5E0E18A9-D9CD-4AC1-B357-6E8BBAF9BAEC}.Release|x64.Build.0 = Release|Any CPU
		{5E0E18A9-D9CD-4AC1-B357-6E8BBAF9BAEC}.Release|x86.ActiveCfg = Release|Any CPU
		{5E0E18A9-D9CD-4AC1-B357-6E8BBAF9BAEC}.Release|x86.Build.0 = Release|Any CPU
	EndGlobalSection
	GlobalSection(SolutionProperties) = preSolution
		HideSolutionNode = FALSE
	EndGlobalSection
EndGlobal
